
Microsoft Visual Studio Solution File, Format Version 12.00
# Visual Studio Version 17
VisualStudioVersion = 17.5.002.0
MinimumVisualStudioVersion = 10.0.40219.1
Project("{9A19103F-16F7-4668-BE54-9A1E7A4F7556}") = "Aula 09 - QuickSort", "Aula 09 - QuickSort.csproj", "{0714F294-E8C7-479C-B532-66D4546FD449}"
EndProject
Global
	GlobalSection(SolutionConfigurationPlatforms) = preSolution
		Debug|Any CPU = Debug|Any CPU
		Release|Any CPU = Release|Any CPU
	EndGlobalSection
	GlobalSection(ProjectConfigurationPlatforms) = postSolution
		{0714F294-E8C7-479C-B532-66D4546FD449}.Debug|Any CPU.ActiveCfg = Debug|Any CPU
		{0714F294-E8C7-479C-B532-66D4546FD449}.Debug|Any CPU.Build.0 = Debug|Any CPU
		{0714F294-E8C7-479C-B532-66D4546FD449}.Release|Any CPU.ActiveCfg = Release|Any CPU
		{0714F294-E8C7-479C-B532-66D4546FD449}.Release|Any CPU.Build.0 = Release|Any CPU
	EndGlobalSection
	GlobalSection(SolutionProperties) = preSolution
		HideSolutionNode = FALSE
	EndGlobalSection
	GlobalSection(ExtensibilityGlobals) = postSolution
		SolutionGuid = {DB1D54BC-ACAF-4E83-A4C6-7B86FE56AFE5}
	EndGlobalSection
EndGlobal
