
Microsoft Visual Studio Solution File, Format Version 12.00
# Visual Studio Version 17
VisualStudioVersion = 17.5.002.0
MinimumVisualStudioVersion = 10.0.40219.1
Project("{9A19103F-16F7-4668-BE54-9A1E7A4F7556}") = "Aula 05 - 1 - ATV", "Aula 05 - 1 - ATV.csproj", "{C790C93A-DED1-4B6D-A43C-7ABACEB08AAB}"
EndProject
Global
	GlobalSection(SolutionConfigurationPlatforms) = preSolution
		Debug|Any CPU = Debug|Any CPU
		Release|Any CPU = Release|Any CPU
	EndGlobalSection
	GlobalSection(ProjectConfigurationPlatforms) = postSolution
		{C790C93A-DED1-4B6D-A43C-7ABACEB08AAB}.Debug|Any CPU.ActiveCfg = Debug|Any CPU
		{C790C93A-DED1-4B6D-A43C-7ABACEB08AAB}.Debug|Any CPU.Build.0 = Debug|Any CPU
		{C790C93A-DED1-4B6D-A43C-7ABACEB08AAB}.Release|Any CPU.ActiveCfg = Release|Any CPU
		{C790C93A-DED1-4B6D-A43C-7ABACEB08AAB}.Release|Any CPU.Build.0 = Release|Any CPU
	EndGlobalSection
	GlobalSection(SolutionProperties) = preSolution
		HideSolutionNode = FALSE
	EndGlobalSection
	GlobalSection(ExtensibilityGlobals) = postSolution
		SolutionGuid = {A10E8A61-F5D7-4C2B-BE88-BDC5316510E5}
	EndGlobalSection
EndGlobal
